<?xml version="1.0" encoding="UTF-8" standalone="yes" ?>
<CodeBlocks_project_file>
	<FileVersion major="1" minor="6" />
	<Project>
		<Option title="ALI" />
		<Option pch_mode="2" />
		<Option compiler="gcc" />
		<Build>
			<Target title="Debug">
				<Option output="bin/Debug/ALI" prefix_auto="1" extension_auto="1" />
				<Option object_output="obj/Debug/" />
				<Option type="1" />
				<Option compiler="gcc" />
				<Compiler>
					<Add option="-g" />
				</Compiler>
			</Target>
			<Target title="Release">
				<Option output="bin/Release/ALI" prefix_auto="1" extension_auto="1" />
				<Option object_output="obj/Release/" />
				<Option type="1" />
				<Option compiler="gcc" />
				<Compiler>
					<Add option="-O2" />
				</Compiler>
				<Linker>
					<Add option="-s" />
				</Linker>
			</Target>
		</Build>
		<Compiler>
			<Add option="-Wall" />
			<Add option="-fexceptions" />
		</Compiler>
		<Unit filename="ADD.cpp" />
		<Unit filename="ADD.h" />
		<Unit filename="CMD.cpp" />
		<Unit filename="CMD.h" />
		<Unit filename="DEC.cpp" />
		<Unit filename="DEC.h" />
		<Unit filename="JMP.cpp" />
		<Unit filename="JMP.h" />
		<Unit filename="JVS.cpp" />
		<Unit filename="JVS.h" />
		<Unit filename="JZS.cpp" />
		<Unit filename="JZS.h" />
		<Unit filename="LDA.cpp" />
		<Unit filename="LDA.h" />
		<Unit filename="LDB.cpp" />
		<Unit filename="LDB.h" />
		<Unit filename="LDI.cpp" />
		<Unit filename="LDI.h" />
		<Unit filename="SAL.cpp" />
		<Unit filename="SAL.h" />
		<Unit filename="ST.cpp" />
		<Unit filename="ST.h" />
		<Unit filename="XCH.cpp" />
		<Unit filename="XCH.h" />
		<Unit filename="input.sal" />
		<Unit filename="main.cpp" />
		<Extensions>
			<code_completion />
			<envvars />
			<debugger />
			<lib_finder disable_auto="1" />
		</Extensions>
	</Project>
</CodeBlocks_project_file>
